// !$*UTF8*$!
{
	archiveVersion = 1;
	classes = {
	};
	objectVersion = 51;
	objects = {

/* Begin PBXBuildFile section */
		99F4F6ED2568DCCE008478A6 /* AppDelegate.swift in Sources */ = {isa = PBXBuildFile; fileRef = 99F4F6EC2568DCCE008478A6 /* AppDelegate.swift */; };
		99F4F6EF2568DCCE008478A6 /* SceneDelegate.swift in Sources */ = {isa = PBXBuildFile; fileRef = 99F4F6EE2568DCCE008478A6 /* SceneDelegate.swift */; };
		99F4F6F42568DCCE008478A6 /* Main.storyboard in Resources */ = {isa = PBXBuildFile; fileRef = 99F4F6F22568DCCE008478A6 /* Main.storyboard */; };
		99F4F6F62568DCD0008478A6 /* Assets.xcassets in Resources */ = {isa = PBXBuildFile; fileRef = 99F4F6F52568DCD0008478A6 /* Assets.xcassets */; };
		99F4F6F92568DCD0008478A6 /* LaunchScreen.storyboard in Resources */ = {isa = PBXBuildFile; fileRef = 99F4F6F72568DCD0008478A6 /* LaunchScreen.storyboard */; };
		99F4F7042568DCD0008478A6 /* ParstagramTests.swift in Sources */ = {isa = PBXBuildFile; fileRef = 99F4F7032568DCD0008478A6 /* ParstagramTests.swift */; };
		99F4F70F2568DCD0008478A6 /* ParstagramUITests.swift in Sources */ = {isa = PBXBuildFile; fileRef = 99F4F70E2568DCD0008478A6 /* ParstagramUITests.swift */; };
		99F4F7302568E070008478A6 /* LoginViewController.swift in Sources */ = {isa = PBXBuildFile; fileRef = 99F4F72F2568E070008478A6 /* LoginViewController.swift */; };
		99F4F7352568E07C008478A6 /* FeedViewController.swift in Sources */ = {isa = PBXBuildFile; fileRef = 99F4F7342568E07C008478A6 /* FeedViewController.swift */; };
		99F4F7422568E74C008478A6 /* CameraViewController.swift in Sources */ = {isa = PBXBuildFile; fileRef = 99F4F7412568E74C008478A6 /* CameraViewController.swift */; };
		99F4F7502568F1E9008478A6 /* PostCell.swift in Sources */ = {isa = PBXBuildFile; fileRef = 99F4F74F2568F1E9008478A6 /* PostCell.swift */; };
		CE394F5F6AA07744A4E3AE2E /* Pods_Parstagram.framework in Frameworks */ = {isa = PBXBuildFile; fileRef = FE69F3284E7BB3245EF636DE /* Pods_Parstagram.framework */; };
/* End PBXBuildFile section */

/* Begin PBXContainerItemProxy section */
		99F4F7002568DCD0008478A6 /* PBXContainerItemProxy */ = {
			isa = PBXContainerItemProxy;
			containerPortal = 99F4F6E12568DCCE008478A6 /* Project object */;
			proxyType = 1;
			remoteGlobalIDString = 99F4F6E82568DCCE008478A6;
			remoteInfo = Parstagram;
		};
		99F4F70B2568DCD0008478A6 /* PBXContainerItemProxy */ = {
			isa = PBXContainerItemProxy;
			containerPortal = 99F4F6E12568DCCE008478A6 /* Project object */;
			proxyType = 1;
			remoteGlobalIDString = 99F4F6E82568DCCE008478A6;
			remoteInfo = Parstagram;
		};
/* End PBXContainerItemProxy section */

/* Begin PBXFileReference section */
		3D8EEC42F9765C5AA16380C2 /* Pods-Parstagram.debug.xcconfig */ = {isa = PBXFileReference; includeInIndex = 1; lastKnownFileType = text.xcconfig; name = "Pods-Parstagram.debug.xcconfig"; path = "Target Support Files/Pods-Parstagram/Pods-Parstagram.debug.xcconfig"; sourceTree = "<group>"; };
		99F4F6E92568DCCE008478A6 /* Parstagram.app */ = {isa = PBXFileReference; explicitFileType = wrapper.application; includeInIndex = 0; path = Parstagram.app; sourceTree = BUILT_PRODUCTS_DIR; };
		99F4F6EC2568DCCE008478A6 /* AppDelegate.swift */ = {isa = PBXFileReference; lastKnownFileType = sourcecode.swift; path = AppDelegate.swift; sourceTree = "<group>"; };
		99F4F6EE2568DCCE008478A6 /* SceneDelegate.swift */ = {isa = PBXFileReference; lastKnownFileType = sourcecode.swift; path = SceneDelegate.swift; sourceTree = "<group>"; };
		99F4F6F32568DCCE008478A6 /* Base */ = {isa = PBXFileReference; lastKnownFileType = file.storyboard; name = Base; path = Base.lproj/Main.storyboard; sourceTree = "<group>"; };
		99F4F6F52568DCD0008478A6 /* Assets.xcassets */ = {isa = PBXFileReference; lastKnownFileType = folder.assetcatalog; path = Assets.xcassets; sourceTree = "<group>"; };
		99F4F6F82568DCD0008478A6 /* Base */ = {isa = PBXFileReference; lastKnownFileType = file.storyboard; name = Base; path = Base.lproj/LaunchScreen.storyboard; sourceTree = "<group>"; };
		99F4F6FA2568DCD0008478A6 /* Info.plist */ = {isa = PBXFileReference; lastKnownFileType = text.plist.xml; path = Info.plist; sourceTree = "<group>"; };
		99F4F6FF2568DCD0008478A6 /* ParstagramTests.xctest */ = {isa = PBXFileReference; explicitFileType = wrapper.cfbundle; includeInIndex = 0; path = ParstagramTests.xctest; sourceTree = BUILT_PRODUCTS_DIR; };
		99F4F7032568DCD0008478A6 /* ParstagramTests.swift */ = {isa = PBXFileReference; lastKnownFileType = sourcecode.swift; path = ParstagramTests.swift; sourceTree = "<group>"; };
		99F4F7052568DCD0008478A6 /* Info.plist */ = {isa = PBXFileReference; lastKnownFileType = text.plist.xml; path = Info.plist; sourceTree = "<group>"; };
		99F4F70A2568DCD0008478A6 /* ParstagramUITests.xctest */ = {isa = PBXFileReference; explicitFileType = wrapper.cfbundle; includeInIndex = 0; path = ParstagramUITests.xctest; sourceTree = BUILT_PRODUCTS_DIR; };
		99F4F70E2568DCD0008478A6 /* ParstagramUITests.swift */ = {isa = PBXFileReference; lastKnownFileType = sourcecode.swift; path = ParstagramUITests.swift; sourceTree = "<group>"; };
		99F4F7102568DCD0008478A6 /* Info.plist */ = {isa = PBXFileReference; lastKnownFileType = text.plist.xml; path = Info.plist; sourceTree = "<group>"; };
		99F4F72F2568E070008478A6 /* LoginViewController.swift */ = {isa = PBXFileReference; lastKnownFileType = sourcecode.swift; path = LoginViewController.swift; sourceTree = "<group>"; };
		99F4F7342568E07C008478A6 /* FeedViewController.swift */ = {isa = PBXFileReference; lastKnownFileType = sourcecode.swift; path = FeedViewController.swift; sourceTree = "<group>"; };
		99F4F7412568E74C008478A6 /* CameraViewController.swift */ = {isa = PBXFileReference; lastKnownFileType = sourcecode.swift; path = CameraViewController.swift; sourceTree = "<group>"; };
		99F4F74F2568F1E9008478A6 /* PostCell.swift */ = {isa = PBXFileReference; lastKnownFileType = sourcecode.swift; path = PostCell.swift; sourceTree = "<group>"; };
		C01A9E4D0AA771331F7617EB /* Pods-Parstagram.release.xcconfig */ = {isa = PBXFileReference; includeInIndex = 1; lastKnownFileType = text.xcconfig; name = "Pods-Parstagram.release.xcconfig"; path = "Target Support Files/Pods-Parstagram/Pods-Parstagram.release.xcconfig"; sourceTree = "<group>"; };
		FE69F3284E7BB3245EF636DE /* Pods_Parstagram.framework */ = {isa = PBXFileReference; explicitFileType = wrapper.framework; includeInIndex = 0; path = Pods_Parstagram.framework; sourceTree = BUILT_PRODUCTS_DIR; };
/* End PBXFileReference section */

/* Begin PBXFrameworksBuildPhase section */
		99F4F6E62568DCCE008478A6 /* Frameworks */ = {
			isa = PBXFrameworksBuildPhase;
			buildActionMask = 2147483647;
			files = (
				CE394F5F6AA07744A4E3AE2E /* Pods_Parstagram.framework in Frameworks */,
			);
			runOnlyForDeploymentPostprocessing = 0;
		};
		99F4F6FC2568DCD0008478A6 /* Frameworks */ = {
			isa = PBXFrameworksBuildPhase;
			buildActionMask = 2147483647;
			files = (
			);
			runOnlyForDeploymentPostprocessing = 0;
		};
		99F4F7072568DCD0008478A6 /* Frameworks */ = {
			isa = PBXFrameworksBuildPhase;
			buildActionMask = 2147483647;
			files = (
			);
			runOnlyForDeploymentPostprocessing = 0;
		};
/* End PBXFrameworksBuildPhase section */

/* Begin PBXGroup section */
		1394A659907D0B8ADF780148 /* Frameworks */ = {
			isa = PBXGroup;
			children = (
				FE69F3284E7BB3245EF636DE /* Pods_Parstagram.framework */,
			);
			name = Frameworks;
			sourceTree = "<group>";
		};
		99F4F6E02568DCCE008478A6 = {
			isa = PBXGroup;
			children = (
				99F4F6EB2568DCCE008478A6 /* Parstagram */,
				99F4F7022568DCD0008478A6 /* ParstagramTests */,
				99F4F70D2568DCD0008478A6 /* ParstagramUITests */,
				99F4F6EA2568DCCE008478A6 /* Products */,
				EE7DF03EC4D5AEA75F85AF7A /* Pods */,
				1394A659907D0B8ADF780148 /* Frameworks */,
			);
			sourceTree = "<group>";
		};
		99F4F6EA2568DCCE008478A6 /* Products */ = {
			isa = PBXGroup;
			children = (
				99F4F6E92568DCCE008478A6 /* Parstagram.app */,
				99F4F6FF2568DCD0008478A6 /* ParstagramTests.xctest */,
				99F4F70A2568DCD0008478A6 /* ParstagramUITests.xctest */,
			);
			name = Products;
			sourceTree = "<group>";
		};
		99F4F6EB2568DCCE008478A6 /* Parstagram */ = {
			isa = PBXGroup;
			children = (
				99F4F6EC2568DCCE008478A6 /* AppDelegate.swift */,
				99F4F6EE2568DCCE008478A6 /* SceneDelegate.swift */,
				99F4F6F22568DCCE008478A6 /* Main.storyboard */,
				99F4F6F52568DCD0008478A6 /* Assets.xcassets */,
				99F4F6F72568DCD0008478A6 /* LaunchScreen.storyboard */,
				99F4F6FA2568DCD0008478A6 /* Info.plist */,
				99F4F72F2568E070008478A6 /* LoginViewController.swift */,
				99F4F7342568E07C008478A6 /* FeedViewController.swift */,
				99F4F7412568E74C008478A6 /* CameraViewController.swift */,
				99F4F74F2568F1E9008478A6 /* PostCell.swift */,
			);
			path = Parstagram;
			sourceTree = "<group>";
		};
		99F4F7022568DCD0008478A6 /* ParstagramTests */ = {
			isa = PBXGroup;
			children = (
				99F4F7032568DCD0008478A6 /* ParstagramTests.swift */,
				99F4F7052568DCD0008478A6 /* Info.plist */,
			);
			path = ParstagramTests;
			sourceTree = "<group>";
		};
		99F4F70D2568DCD0008478A6 /* ParstagramUITests */ = {
			isa = PBXGroup;
			children = (
				99F4F70E2568DCD0008478A6 /* ParstagramUITests.swift */,
				99F4F7102568DCD0008478A6 /* Info.plist */,
			);
			path = ParstagramUITests;
			sourceTree = "<group>";
		};
		EE7DF03EC4D5AEA75F85AF7A /* Pods */ = {
			isa = PBXGroup;
			children = (
				3D8EEC42F9765C5AA16380C2 /* Pods-Parstagram.debug.xcconfig */,
				C01A9E4D0AA771331F7617EB /* Pods-Parstagram.release.xcconfig */,
			);
			path = Pods;
			sourceTree = "<group>";
		};
/* End PBXGroup section */

/* Begin PBXNativeTarget section */
		99F4F6E82568DCCE008478A6 /* Parstagram */ = {
			isa = PBXNativeTarget;
			buildConfigurationList = 99F4F7132568DCD0008478A6 /* Build configuration list for PBXNativeTarget "Parstagram" */;
			buildPhases = (
				89D55C51A4117C51F5F5C334 /* [CP] Check Pods Manifest.lock */,
				99F4F6E52568DCCE008478A6 /* Sources */,
				99F4F6E62568DCCE008478A6 /* Frameworks */,
				99F4F6E72568DCCE008478A6 /* Resources */,
				0566A29C4D35E4A851389F69 /* [CP] Embed Pods Frameworks */,
			);
			buildRules = (
			);
			dependencies = (
			);
			name = Parstagram;
			productName = Parstagram;
			productReference = 99F4F6E92568DCCE008478A6 /* Parstagram.app */;
			productType = "com.apple.product-type.application";
		};
		99F4F6FE2568DCD0008478A6 /* ParstagramTests */ = {
			isa = PBXNativeTarget;
			buildConfigurationList = 99F4F7162568DCD0008478A6 /* Build configuration list for PBXNativeTarget "ParstagramTests" */;
			buildPhases = (
				99F4F6FB2568DCD0008478A6 /* Sources */,
				99F4F6FC2568DCD0008478A6 /* Frameworks */,
				99F4F6FD2568DCD0008478A6 /* Resources */,
			);
			buildRules = (
			);
			dependencies = (
				99F4F7012568DCD0008478A6 /* PBXTargetDependency */,
			);
			name = ParstagramTests;
			productName = ParstagramTests;
			productReference = 99F4F6FF2568DCD0008478A6 /* ParstagramTests.xctest */;
			productType = "com.apple.product-type.bundle.unit-test";
		};
		99F4F7092568DCD0008478A6 /* ParstagramUITests */ = {
			isa = PBXNativeTarget;
			buildConfigurationList = 99F4F7192568DCD0008478A6 /* Build configuration list for PBXNativeTarget "ParstagramUITests" */;
			buildPhases = (
				99F4F7062568DCD0008478A6 /* Sources */,
				99F4F7072568DCD0008478A6 /* Frameworks */,
				99F4F7082568DCD0008478A6 /* Resources */,
			);
			buildRules = (
			);
			dependencies = (
				99F4F70C2568DCD0008478A6 /* PBXTargetDependency */,
			);
			name = ParstagramUITests;
			productName = ParstagramUITests;
			productReference = 99F4F70A2568DCD0008478A6 /* ParstagramUITests.xctest */;
			productType = "com.apple.product-type.bundle.ui-testing";
		};
/* End PBXNativeTarget section */

/* Begin PBXProject section */
		99F4F6E12568DCCE008478A6 /* Project object */ = {
			isa = PBXProject;
			attributes = {
				LastSwiftUpdateCheck = 1220;
				LastUpgradeCheck = 1220;
				TargetAttributes = {
					99F4F6E82568DCCE008478A6 = {
						CreatedOnToolsVersion = 12.2;
					};
					99F4F6FE2568DCD0008478A6 = {
						CreatedOnToolsVersion = 12.2;
						TestTargetID = 99F4F6E82568DCCE008478A6;
					};
					99F4F7092568DCD0008478A6 = {
						CreatedOnToolsVersion = 12.2;
						TestTargetID = 99F4F6E82568DCCE008478A6;
					};
				};
			};
			buildConfigurationList = 99F4F6E42568DCCE008478A6 /* Build configuration list for PBXProject "Parstagram" */;
			compatibilityVersion = "Xcode 9.3";
			developmentRegion = en;
			hasScannedForEncodings = 0;
			knownRegions = (
				en,
				Base,
			);
			mainGroup = 99F4F6E02568DCCE008478A6;
			productRefGroup = 99F4F6EA2568DCCE008478A6 /* Products */;
			projectDirPath = "";
			projectRoot = "";
			targets = (
				99F4F6E82568DCCE008478A6 /* Parstagram */,
				99F4F6FE2568DCD0008478A6 /* ParstagramTests */,
				99F4F7092568DCD0008478A6 /* ParstagramUITests */,
			);
		};
/* End PBXProject section */

/* Begin PBXResourcesBuildPhase section */
		99F4F6E72568DCCE008478A6 /* Resources */ = {
			isa = PBXResourcesBuildPhase;
			buildActionMask = 2147483647;
			files = (
				99F4F6F92568DCD0008478A6 /* LaunchScreen.storyboard in Resources */,
				99F4F6F62568DCD0008478A6 /* Assets.xcassets in Resources */,
				99F4F6F42568DCCE008478A6 /* Main.storyboard in Resources */,
			);
			runOnlyForDeploymentPostprocessing = 0;
		};
		99F4F6FD2568DCD0008478A6 /* Resources */ = {
			isa = PBXResourcesBuildPhase;
			buildActionMask = 2147483647;
			files = (
			);
			runOnlyForDeploymentPostprocessing = 0;
		};
		99F4F7082568DCD0008478A6 /* Resources */ = {
			isa = PBXResourcesBuildPhase;
			buildActionMask = 2147483647;
			files = (
			);
			runOnlyForDeploymentPostprocessing = 0;
		};
/* End PBXResourcesBuildPhase section */

/* Begin PBXShellScriptBuildPhase section */
		0566A29C4D35E4A851389F69 /* [CP] Embed Pods Frameworks */ = {
			isa = PBXShellScriptBuildPhase;
			buildActionMask = 2147483647;
			files = (
			);
			inputFileListPaths = (
				"${PODS_ROOT}/Target Support Files/Pods-Parstagram/Pods-Parstagram-frameworks-${CONFIGURATION}-input-files.xcfilelist",
			);
			name = "[CP] Embed Pods Frameworks";
			outputFileListPaths = (
				"${PODS_ROOT}/Target Support Files/Pods-Parstagram/Pods-Parstagram-frameworks-${CONFIGURATION}-output-files.xcfilelist",
			);
			runOnlyForDeploymentPostprocessing = 0;
			shellPath = /bin/sh;
			shellScript = "\"${PODS_ROOT}/Target Support Files/Pods-Parstagram/Pods-Parstagram-frameworks.sh\"\n";
			showEnvVarsInLog = 0;
		};
		89D55C51A4117C51F5F5C334 /* [CP] Check Pods Manifest.lock */ = {
			isa = PBXShellScriptBuildPhase;
			buildActionMask = 2147483647;
			files = (
			);
			inputFileListPaths = (
			);
			inputPaths = (
				"${PODS_PODFILE_DIR_PATH}/Podfile.lock",
				"${PODS_ROOT}/Manifest.lock",
			);
			name = "[CP] Check Pods Manifest.lock";
			outputFileListPaths = (
			);
			outputPaths = (
				"$(DERIVED_FILE_DIR)/Pods-Parstagram-checkManifestLockResult.txt",
			);
			runOnlyForDeploymentPostprocessing = 0;
			shellPath = /bin/sh;
			shellScript = "diff \"${PODS_PODFILE_DIR_PATH}/Podfile.lock\" \"${PODS_ROOT}/Manifest.lock\" > /dev/null\nif [ $? != 0 ] ; then\n    # print error to STDERR\n    echo \"error: The sandbox is not in sync with the Podfile.lock. Run 'pod install' or update your CocoaPods installation.\" >&2\n    exit 1\nfi\n# This output is used by Xcode 'outputs' to avoid re-running this script phase.\necho \"SUCCESS\" > \"${SCRIPT_OUTPUT_FILE_0}\"\n";
			showEnvVarsInLog = 0;
		};
/* End PBXShellScriptBuildPhase section */

/* Begin PBXSourcesBuildPhase section */
		99F4F6E52568DCCE008478A6 /* Sources */ = {
			isa = PBXSourcesBuildPhase;
			buildActionMask = 2147483647;
			files = (
				99F4F7302568E070008478A6 /* LoginViewController.swift in Sources */,
				99F4F7422568E74C008478A6 /* CameraViewController.swift in Sources */,
				99F4F6ED2568DCCE008478A6 /* AppDelegate.swift in Sources */,
				99F4F7352568E07C008478A6 /* FeedViewController.swift in Sources */,
				99F4F6EF2568DCCE008478A6 /* SceneDelegate.swift in Sources */,
				99F4F7502568F1E9008478A6 /* PostCell.swift in Sources */,
			);
			runOnlyForDeploymentPostprocessing = 0;
		};
		99F4F6FB2568DCD0008478A6 /* Sources */ = {
			isa = PBXSourcesBuildPhase;
			buildActionMask = 2147483647;
			files = (
				99F4F7042568DCD0008478A6 /* ParstagramTests.swift in Sources */,
			);
			runOnlyForDeploymentPostprocessing = 0;
		};
		99F4F7062568DCD0008478A6 /* Sources */ = {
			isa = PBXSourcesBuildPhase;
			buildActionMask = 2147483647;
			files = (
				99F4F70F2568DCD0008478A6 /* ParstagramUITests.swift in Sources */,
			);
			runOnlyForDeploymentPostprocessing = 0;
		};
/* End PBXSourcesBuildPhase section */

/* Begin PBXTargetDependency section */
		99F4F7012568DCD0008478A6 /* PBXTargetDependency */ = {
			isa = PBXTargetDependency;
			target = 99F4F6E82568DCCE008478A6 /* Parstagram */;
			targetProxy = 99F4F7002568DCD0008478A6 /* PBXContainerItemProxy */;
		};
		99F4F70C2568DCD0008478A6 /* PBXTargetDependency */ = {
			isa = PBXTargetDependency;
			target = 99F4F6E82568DCCE008478A6 /* Parstagram */;
			targetProxy = 99F4F70B2568DCD0008478A6 /* PBXContainerItemProxy */;
		};
/* End PBXTargetDependency section */

/* Begin PBXVariantGroup section */
		99F4F6F22568DCCE008478A6 /* Main.storyboard */ = {
			isa = PBXVariantGroup;
			children = (
				99F4F6F32568DCCE008478A6 /* Base */,
			);
			name = Main.storyboard;
			sourceTree = "<group>";
		};
		99F4F6F72568DCD0008478A6 /* LaunchScreen.storyboard */ = {
			isa = PBXVariantGroup;
			children = (
				99F4F6F82568DCD0008478A6 /* Base */,
			);
			name = LaunchScreen.storyboard;
			sourceTree = "<group>";
		};
/* End PBXVariantGroup section */

/* Begin XCBuildConfiguration section */
		99F4F7112568DCD0008478A6 /* Debug */ = {
			isa = XCBuildConfiguration;
			buildSettings = {
				ALWAYS_SEARCH_USER_PATHS = NO;
				CLANG_ANALYZER_NONNULL = YES;
				CLANG_ANALYZER_NUMBER_OBJECT_CONVERSION = YES_AGGRESSIVE;
				CLANG_CXX_LANGUAGE_STANDARD = "gnu++14";
				CLANG_CXX_LIBRARY = "libc++";
				CLANG_ENABLE_MODULES = YES;
				CLANG_ENABLE_OBJC_ARC = YES;
				CLANG_ENABLE_OBJC_WEAK = YES;
				CLANG_WARN_BLOCK_CAPTURE_AUTORELEASING = YES;
				CLANG_WARN_BOOL_CONVERSION = YES;
				CLANG_WARN_COMMA = YES;
				CLANG_WARN_CONSTANT_CONVERSION = YES;
				CLANG_WARN_DEPRECATED_OBJC_IMPLEMENTATIONS = YES;
				CLANG_WARN_DIRECT_OBJC_ISA_USAGE = YES_ERROR;
				CLANG_WARN_DOCUMENTATION_COMMENTS = YES;
				CLANG_WARN_EMPTY_BODY = YES;
				CLANG_WARN_ENUM_CONVERSION = YES;
				CLANG_WARN_INFINITE_RECURSION = YES;
				CLANG_WARN_INT_CONVERSION = YES;
				CLANG_WARN_NON_LITERAL_NULL_CONVERSION = YES;
				CLANG_WARN_OBJC_IMPLICIT_RETAIN_SELF = YES;
				CLANG_WARN_OBJC_LITERAL_CONVERSION = YES;
				CLANG_WARN_OBJC_ROOT_CLASS = YES_ERROR;
				CLANG_WARN_QUOTED_INCLUDE_IN_FRAMEWORK_HEADER = YES;
				CLANG_WARN_RANGE_LOOP_ANALYSIS = YES;
				CLANG_WARN_STRICT_PROTOTYPES = YES;
				CLANG_WARN_SUSPICIOUS_MOVE = YES;
				CLANG_WARN_UNGUARDED_AVAILABILITY = YES_AGGRESSIVE;
				CLANG_WARN_UNREACHABLE_CODE = YES;
				CLANG_WARN__DUPLICATE_METHOD_MATCH = YES;
				COPY_PHASE_STRIP = NO;
				DEBUG_INFORMATION_FORMAT = dwarf;
				ENABLE_STRICT_OBJC_MSGSEND = YES;
				ENABLE_TESTABILITY = YES;
				GCC_C_LANGUAGE_STANDARD = gnu11;
				GCC_DYNAMIC_NO_PIC = NO;
				GCC_NO_COMMON_BLOCKS = YES;
				GCC_OPTIMIZATION_LEVEL = 0;
				GCC_PREPROCESSOR_DEFINITIONS = (
					"DEBUG=1",
					"$(inherited)",
				);
				GCC_WARN_64_TO_32_BIT_CONVERSION = YES;
				GCC_WARN_ABOUT_RETURN_TYPE = YES_ERROR;
				GCC_WARN_UNDECLARED_SELECTOR = YES;
				GCC_WARN_UNINITIALIZED_AUTOS = YES_AGGRESSIVE;
				GCC_WARN_UNUSED_FUNCTION = YES;
				GCC_WARN_UNUSED_VARIABLE = YES;
				IPHONEOS_DEPLOYMENT_TARGET = 14.2;
				MTL_ENABLE_DEBUG_INFO = INCLUDE_SOURCE;
				MTL_FAST_MATH = YES;
				ONLY_ACTIVE_ARCH = YES;
				SDKROOT = iphoneos;
				SWIFT_ACTIVE_COMPILATION_CONDITIONS = DEBUG;
				SWIFT_OPTIMIZATION_LEVEL = "-Onone";
			};
			name = Debug;
		};
		99F4F7122568DCD0008478A6 /* Release */ = {
			isa = XCBuildConfiguration;
			buildSettings = {
				ALWAYS_SEARCH_USER_PATHS = NO;
				CLANG_ANALYZER_NONNULL = YES;
				CLANG_ANALYZER_NUMBER_OBJECT_CONVERSION = YES_AGGRESSIVE;
				CLANG_CXX_LANGUAGE_STANDARD = "gnu++14";
				CLANG_CXX_LIBRARY = "libc++";
				CLANG_ENABLE_MODULES = YES;
				CLANG_ENABLE_OBJC_ARC = YES;
				CLANG_ENABLE_OBJC_WEAK = YES;
				CLANG_WARN_BLOCK_CAPTURE_AUTORELEASING = YES;
				CLANG_WARN_BOOL_CONVERSION = YES;
				CLANG_WARN_COMMA = YES;
				CLANG_WARN_CONSTANT_CONVERSION = YES;
				CLANG_WARN_DEPRECATED_OBJC_IMPLEMENTATIONS = YES;
				CLANG_WARN_DIRECT_OBJC_ISA_USAGE = YES_ERROR;
				CLANG_WARN_DOCUMENTATION_COMMENTS = YES;
				CLANG_WARN_EMPTY_BODY = YES;
				CLANG_WARN_ENUM_CONVERSION = YES;
				CLANG_WARN_INFINITE_RECURSION = YES;
				CLANG_WARN_INT_CONVERSION = YES;
				CLANG_WARN_NON_LITERAL_NULL_CONVERSION = YES;
				CLANG_WARN_OBJC_IMPLICIT_RETAIN_SELF = YES;
				CLANG_WARN_OBJC_LITERAL_CONVERSION = YES;
				CLANG_WARN_OBJC_ROOT_CLASS = YES_ERROR;
				CLANG_WARN_QUOTED_INCLUDE_IN_FRAMEWORK_HEADER = YES;
				CLANG_WARN_RANGE_LOOP_ANALYSIS = YES;
				CLANG_WARN_STRICT_PROTOTYPES = YES;
				CLANG_WARN_SUSPICIOUS_MOVE = YES;
				CLANG_WARN_UNGUARDED_AVAILABILITY = YES_AGGRESSIVE;
				CLANG_WARN_UNREACHABLE_CODE = YES;
				CLANG_WARN__DUPLICATE_METHOD_MATCH = YES;
				COPY_PHASE_STRIP = NO;
				DEBUG_INFORMATION_FORMAT = "dwarf-with-dsym";
				ENABLE_NS_ASSERTIONS = NO;
				ENABLE_STRICT_OBJC_MSGSEND = YES;
				GCC_C_LANGUAGE_STANDARD = gnu11;
				GCC_NO_COMMON_BLOCKS = YES;
				GCC_WARN_64_TO_32_BIT_CONVERSION = YES;
				GCC_WARN_ABOUT_RETURN_TYPE = YES_ERROR;
				GCC_WARN_UNDECLARED_SELECTOR = YES;
				GCC_WARN_UNINITIALIZED_AUTOS = YES_AGGRESSIVE;
				GCC_WARN_UNUSED_FUNCTION = YES;
				GCC_WARN_UNUSED_VARIABLE = YES;
				IPHONEOS_DEPLOYMENT_TARGET = 14.2;
				MTL_ENABLE_DEBUG_INFO = NO;
				MTL_FAST_MATH = YES;
				SDKROOT = iphoneos;
				SWIFT_COMPILATION_MODE = wholemodule;
				SWIFT_OPTIMIZATION_LEVEL = "-O";
				VALIDATE_PRODUCT = YES;
			};
			name = Release;
		};
		99F4F7142568DCD0008478A6 /* Debug */ = {
			isa = XCBuildConfiguration;
			baseConfigurationReference = 3D8EEC42F9765C5AA16380C2 /* Pods-Parstagram.debug.xcconfig */;
			buildSettings = {
				ASSETCATALOG_COMPILER_APPICON_NAME = AppIcon;
				ASSETCATALOG_COMPILER_GLOBAL_ACCENT_COLOR_NAME = AccentColor;
				CODE_SIGN_STYLE = Automatic;
				INFOPLIST_FILE = Parstagram/Info.plist;
				LD_RUNPATH_SEARCH_PATHS = (
					"$(inherited)",
					"@executable_path/Frameworks",
				);
				PRODUCT_BUNDLE_IDENTIFIER = none.Parstagram;
				PRODUCT_NAME = "$(TARGET_NAME)";
				SWIFT_VERSION = 5.0;
				TARGETED_DEVICE_FAMILY = "1,2";
			};
			name = Debug;
		};
		99F4F7152568DCD0008478A6 /* Release */ = {
			isa = XCBuildConfiguration;
			baseConfigurationReference = C01A9E4D0AA771331F7617EB /* Pods-Parstagram.release.xcconfig */;
			buildSettings = {
				ASSETCATALOG_COMPILER_APPICON_NAME = AppIcon;
				ASSETCATALOG_COMPILER_GLOBAL_ACCENT_COLOR_NAME = AccentColor;
				CODE_SIGN_STYLE = Automatic;
				INFOPLIST_FILE = Parstagram/Info.plist;
				LD_RUNPATH_SEARCH_PATHS = (
					"$(inherited)",
					"@executable_path/Frameworks",
				);
				PRODUCT_BUNDLE_IDENTIFIER = none.Parstagram;
				PRODUCT_NAME = "$(TARGET_NAME)";
				SWIFT_VERSION = 5.0;
				TARGETED_DEVICE_FAMILY = "1,2";
			};
			name = Release;
		};
		99F4F7172568DCD0008478A6 /* Debug */ = {
			isa = XCBuildConfiguration;
			buildSettings = {
				ALWAYS_EMBED_SWIFT_STANDARD_LIBRARIES = YES;
				BUNDLE_LOADER = "$(TEST_HOST)";
				CODE_SIGN_STYLE = Automatic;
				INFOPLIST_FILE = ParstagramTests/Info.plist;
				IPHONEOS_DEPLOYMENT_TARGET = 14.2;
				LD_RUNPATH_SEARCH_PATHS = (
					"$(inherited)",
					"@executable_path/Frameworks",
					"@loader_path/Frameworks",
				);
				PRODUCT_BUNDLE_IDENTIFIER = none.ParstagramTests;
				PRODUCT_NAME = "$(TARGET_NAME)";
				SWIFT_VERSION = 5.0;
				TARGETED_DEVICE_FAMILY = "1,2";
				TEST_HOST = "$(BUILT_PRODUCTS_DIR)/Parstagram.app/Parstagram";
			};
			name = Debug;
		};
		99F4F7182568DCD0008478A6 /* Release */ = {
			isa = XCBuildConfiguration;
			buildSettings = {
				ALWAYS_EMBED_SWIFT_STANDARD_LIBRARIES = YES;
				BUNDLE_LOADER = "$(TEST_HOST)";
				CODE_SIGN_STYLE = Automatic;
				INFOPLIST_FILE = ParstagramTests/Info.plist;
				IPHONEOS_DEPLOYMENT_TARGET = 14.2;
				LD_RUNPATH_SEARCH_PATHS = (
					"$(inherited)",
					"@executable_path/Frameworks",
					"@loader_path/Frameworks",
				);
				PRODUCT_BUNDLE_IDENTIFIER = none.ParstagramTests;
				PRODUCT_NAME = "$(TARGET_NAME)";
				SWIFT_VERSION = 5.0;
				TARGETED_DEVICE_FAMILY = "1,2";
				TEST_HOST = "$(BUILT_PRODUCTS_DIR)/Parstagram.app/Parstagram";
			};
			name = Release;
		};
		99F4F71A2568DCD0008478A6 /* Debug */ = {
			isa = XCBuildConfiguration;
			buildSettings = {
				ALWAYS_EMBED_SWIFT_STANDARD_LIBRARIES = YES;
				CODE_SIGN_STYLE = Automatic;
				INFOPLIST_FILE = ParstagramUITests/Info.plist;
				LD_RUNPATH_SEARCH_PATHS = (
					"$(inherited)",
					"@executable_path/Frameworks",
					"@loader_path/Frameworks",
				);
				PRODUCT_BUNDLE_IDENTIFIER = none.ParstagramUITests;
				PRODUCT_NAME = "$(TARGET_NAME)";
				SWIFT_VERSION = 5.0;
				TARGETED_DEVICE_FAMILY = "1,2";
				TEST_TARGET_NAME = Parstagram;
			};
			name = Debug;
		};
		99F4F71B2568DCD0008478A6 /* Release */ = {
			isa = XCBuildConfiguration;
			buildSettings = {
				ALWAYS_EMBED_SWIFT_STANDARD_LIBRARIES = YES;
				CODE_SIGN_STYLE = Automatic;
				INFOPLIST_FILE = ParstagramUITests/Info.plist;
				LD_RUNPATH_SEARCH_PATHS = (
					"$(inherited)",
					"@executable_path/Frameworks",
					"@loader_path/Frameworks",
				);
				PRODUCT_BUNDLE_IDENTIFIER = none.ParstagramUITests;
				PRODUCT_NAME = "$(TARGET_NAME)";
				SWIFT_VERSION = 5.0;
				TARGETED_DEVICE_FAMILY = "1,2";
				TEST_TARGET_NAME = Parstagram;
			};
			name = Release;
		};
/* End XCBuildConfiguration section */

/* Begin XCConfigurationList section */
		99F4F6E42568DCCE008478A6 /* Build configuration list for PBXProject "Parstagram" */ = {
			isa = XCConfigurationList;
			buildConfigurations = (
				99F4F7112568DCD0008478A6 /* Debug */,
				99F4F7122568DCD0008478A6 /* Release */,
			);
			defaultConfigurationIsVisible = 0;
			defaultConfigurationName = Release;
		};
		99F4F7132568DCD0008478A6 /* Build configuration list for PBXNativeTarget "Parstagram" */ = {
			isa = XCConfigurationList;
			buildConfigurations = (
				99F4F7142568DCD0008478A6 /* Debug */,
				99F4F7152568DCD0008478A6 /* Release */,
			);
			defaultConfigurationIsVisible = 0;
			defaultConfigurationName = Release;
		};
		99F4F7162568DCD0008478A6 /* Build configuration list for PBXNativeTarget "ParstagramTests" */ = {
			isa = XCConfigurationList;
			buildConfigurations = (
				99F4F7172568DCD0008478A6 /* Debug */,
				99F4F7182568DCD0008478A6 /* Release */,
			);
			defaultConfigurationIsVisible = 0;
			defaultConfigurationName = Release;
		};
		99F4F7192568DCD0008478A6 /* Build configuration list for PBXNativeTarget "ParstagramUITests" */ = {
			isa = XCConfigurationList;
			buildConfigurations = (
				99F4F71A2568DCD0008478A6 /* Debug */,
				99F4F71B2568DCD0008478A6 /* Release */,
			);
			defaultConfigurationIsVisible = 0;
			defaultConfigurationName = Release;
		};
/* End XCConfigurationList section */
	};
	rootObject = 99F4F6E12568DCCE008478A6 /* Project object */;
}
